{
  "originHash" : "33de3402d99f34ef88e5a1a276aaec2a7b682a0f7cfea85c96d6cd2f794dfa8d",
  "pins" : [
    {
      "identity" : "libgit2",
      "kind" : "remoteSourceControl",
      "location" : "https://github.com/ibrahimcetin/libgit2.git",
      "state" : {
        "revision" : "52287b0914f300f916b58fec80e13d8dd8f6824f",
        "version" : "1.9.2"
      }
    },
    {
      "identity" : "punycodeswift",
      "kind" : "remoteSourceControl",
      "location" : "https://github.com/gumob/PunycodeSwift.git",
      "state" : {
        "revision" : "30a462bdb4398ea835a3585472229e0d74b36ba5",
        "version" : "3.0.0"
      }
    },
    {
      "identity" : "swift-psl",
      "kind" : "remoteSourceControl",
      "location" : "https://github.com/ameshkov/swift-psl",
      "state" : {
        "revision" : "2fcc99d7475fe3a71767e52cef60fc2dee9e34f2",
        "version" : "1.1.161"
      }
    },
    {
      "identity" : "swiftgitx",
      "kind" : "remoteSourceControl",
      "location" : "https://github.com/ibrahimcetin/SwiftGitX",
      "state" : {
        "revision" : "fcfb71e3dcbbaa70d120b98b7477ce173074aec3",
        "version" : "0.4.0"
      }
    }
  ],
  "version" : 3
}
