// !$*UTF8*$!
{
	archiveVersion = 1;
	classes = {
	};
	objectVersion = 77;
	objects = {

/* Begin PBXBuildFile section */
		ACDABBE62FDF74C400F5BDCA /* SwiftGitX in Frameworks */ = {isa = PBXBuildFile; productRef = ACDABBE52FDF74C400F5BDCA /* SwiftGitX */; };
		ACDABBE92FDF74C400F5BDCA /* PublicSuffixList in Frameworks */ = {isa = PBXBuildFile; productRef = ACDABBE82FDF74C400F5BDCA /* PublicSuffixList */; };
		AE0000010000000000000001 /* ShareExtension.appex in Embed App Extensions */ = {isa = PBXBuildFile; fileRef = AE0000020000000000000002 /* ShareExtension.appex */; settings = {ATTRIBUTES = (RemoveHeadersOnCopy, ); }; };
		AE1000010000000000000001 /* AppIntents.framework in Frameworks */ = {isa = PBXBuildFile; fileRef = AE1000020000000000000002 /* AppIntents.framework */; };
/* End PBXBuildFile section */

/* Begin PBXContainerItemProxy section */
		AE0000090000000000000009 /* PBXContainerItemProxy */ = {
			isa = PBXContainerItemProxy;
			containerPortal = ACA9692B2FA332BC00D0412F /* Project object */;
			proxyType = 1;
			remoteGlobalIDString = AE0000080000000000000008;
			remoteInfo = ShareExtension;
		};
/* End PBXContainerItemProxy section */

/* Begin PBXCopyFilesBuildPhase section */
		AE0000070000000000000007 /* Embed App Extensions */ = {
			isa = PBXCopyFilesBuildPhase;
			buildActionMask = 2147483647;
			dstPath = "";
			dstSubfolderSpec = 13;
			files = (
				AE0000010000000000000001 /* ShareExtension.appex in Embed App Extensions */,
			);
			name = "Embed App Extensions";
			runOnlyForDeploymentPostprocessing = 0;
		};
/* End PBXCopyFilesBuildPhase section */

/* Begin PBXFileReference section */
		AA0000010000000000000001 /* Ox.xcconfig */ = {isa = PBXFileReference; lastKnownFileType = text.xcconfig; path = Ox.xcconfig; sourceTree = "<group>"; };
		ACA969332FA332BC00D0412F /* Ox.app */ = {isa = PBXFileReference; explicitFileType = wrapper.application; includeInIndex = 0; path = Ox.app; sourceTree = BUILT_PRODUCTS_DIR; };
		AE0000020000000000000002 /* ShareExtension.appex */ = {isa = PBXFileReference; explicitFileType = "wrapper.app-extension"; includeInIndex = 0; path = ShareExtension.appex; sourceTree = BUILT_PRODUCTS_DIR; };
		AE1000020000000000000002 /* AppIntents.framework */ = {isa = PBXFileReference; lastKnownFileType = wrapper.framework; name = AppIntents.framework; path = System/Library/Frameworks/AppIntents.framework; sourceTree = SDKROOT; };
/* End PBXFileReference section */

/* Begin PBXFileSystemSynchronizedRootGroup section */
		ACA969352FA332BC00D0412F /* Ox */ = {
			isa = PBXFileSystemSynchronizedRootGroup;
			path = Ox;
			sourceTree = "<group>";
		};
		AE0000030000000000000003 /* ShareExtension */ = {
			isa = PBXFileSystemSynchronizedRootGroup;
			path = ShareExtension;
			sourceTree = "<group>";
		};
/* End PBXFileSystemSynchronizedRootGroup section */

/* Begin PBXFrameworksBuildPhase section */
		ACA969302FA332BC00D0412F /* Frameworks */ = {
			isa = PBXFrameworksBuildPhase;
			buildActionMask = 2147483647;
			files = (
				AE1000010000000000000001 /* AppIntents.framework in Frameworks */,
				ACDABBE92FDF74C400F5BDCA /* PublicSuffixList in Frameworks */,
				ACDABBE62FDF74C400F5BDCA /* SwiftGitX in Frameworks */,
			);
			runOnlyForDeploymentPostprocessing = 0;
		};
		AE0000040000000000000004 /* Frameworks */ = {
			isa = PBXFrameworksBuildPhase;
			buildActionMask = 2147483647;
			files = (
			);
			runOnlyForDeploymentPostprocessing = 0;
		};
/* End PBXFrameworksBuildPhase section */

/* Begin PBXGroup section */
		ACA9692A2FA332BC00D0412F = {
			isa = PBXGroup;
			children = (
				AA0000010000000000000001 /* Ox.xcconfig */,
				ACA969352FA332BC00D0412F /* Ox */,
				AE0000030000000000000003 /* ShareExtension */,
				AE1000030000000000000003 /* Frameworks */,
				ACA969342FA332BC00D0412F /* Products */,
			);
			sourceTree = "<group>";
		};
		ACA969342FA332BC00D0412F /* Products */ = {
			isa = PBXGroup;
			children = (
				ACA969332FA332BC00D0412F /* Ox.app */,
				AE0000020000000000000002 /* ShareExtension.appex */,
			);
			name = Products;
			sourceTree = "<group>";
		};
		AE1000030000000000000003 /* Frameworks */ = {
			isa = PBXGroup;
			children = (
				AE1000020000000000000002 /* AppIntents.framework */,
			);
			name = Frameworks;
			sourceTree = "<group>";
		};
/* End PBXGroup section */

/* Begin PBXNativeTarget section */
		ACA969322FA332BC00D0412F /* ios */ = {
			isa = PBXNativeTarget;
			buildConfigurationList = ACA9693E2FA332BD00D0412F /* Build configuration list for PBXNativeTarget "ios" */;
			buildPhases = (
				ACA9692F2FA332BC00D0412F /* Sources */,
				ACA969302FA332BC00D0412F /* Frameworks */,
				ACA969312FA332BC00D0412F /* Resources */,
				AE0000070000000000000007 /* Embed App Extensions */,
			);
			buildRules = (
			);
			dependencies = (
				AE00000A000000000000000A /* PBXTargetDependency */,
			);
			fileSystemSynchronizedGroups = (
				ACA969352FA332BC00D0412F /* ios */,
			);
			name = ios;
			packageProductDependencies = (
				ACDABBE82FDF74C400F5BDCA /* PublicSuffixList */,
				ACDABBE52FDF74C400F5BDCA /* SwiftGitX */,
			);
			productName = Ox;
			productReference = ACA969332FA332BC00D0412F /* Ox.app */;
			productType = "com.apple.product-type.application";
		};
		AE0000080000000000000008 /* ShareExtension */ = {
			isa = PBXNativeTarget;
			buildConfigurationList = AE00000D000000000000000D /* Build configuration list for PBXNativeTarget "ShareExtension" */;
			buildPhases = (
				AE0000060000000000000006 /* Sources */,
				AE0000040000000000000004 /* Frameworks */,
				AE0000050000000000000005 /* Resources */,
			);
			buildRules = (
			);
			dependencies = (
			);
			fileSystemSynchronizedGroups = (
				AE0000030000000000000003 /* ShareExtension */,
			);
			name = ShareExtension;
			packageProductDependencies = (
			);
			productName = ShareExtension;
			productReference = AE0000020000000000000002 /* ShareExtension.appex */;
			productType = "com.apple.product-type.app-extension";
		};
/* End PBXNativeTarget section */

/* Begin PBXProject section */
		ACA9692B2FA332BC00D0412F /* Project object */ = {
			isa = PBXProject;
			attributes = {
				BuildIndependentTargetsInParallel = 1;
				LastSwiftUpdateCheck = 2620;
				LastUpgradeCheck = 2620;
				TargetAttributes = {
					ACA969322FA332BC00D0412F = {
						CreatedOnToolsVersion = 26.2;
					};
					AE0000080000000000000008 = {
						CreatedOnToolsVersion = 26.2;
					};
				};
			};
			buildConfigurationList = ACA9692E2FA332BC00D0412F /* Build configuration list for PBXProject "ios" */;
			developmentRegion = en;
			hasScannedForEncodings = 0;
			knownRegions = (
				en,
				Base,
				"zh-Hans",
			);
			mainGroup = ACA9692A2FA332BC00D0412F;
			minimizedProjectReferenceProxies = 1;
			packageReferences = (
				ACDABBE72FDF74C400F5BDCA /* XCRemoteSwiftPackageReference "swift-psl" */,
				ACDABBE42FDF74C400F5BDCA /* XCRemoteSwiftPackageReference "SwiftGitX" */,
			);
			preferredProjectObjectVersion = 77;
			productRefGroup = ACA969342FA332BC00D0412F /* Products */;
			projectDirPath = "";
			projectRoot = "";
			targets = (
				ACA969322FA332BC00D0412F /* ios */,
				AE0000080000000000000008 /* ShareExtension */,
			);
		};
/* End PBXProject section */

/* Begin PBXResourcesBuildPhase section */
		ACA969312FA332BC00D0412F /* Resources */ = {
			isa = PBXResourcesBuildPhase;
			buildActionMask = 2147483647;
			files = (
			);
			runOnlyForDeploymentPostprocessing = 0;
		};
		AE0000050000000000000005 /* Resources */ = {
			isa = PBXResourcesBuildPhase;
			buildActionMask = 2147483647;
			files = (
			);
			runOnlyForDeploymentPostprocessing = 0;
		};
/* End PBXResourcesBuildPhase section */

/* Begin PBXSourcesBuildPhase section */
		ACA9692F2FA332BC00D0412F /* Sources */ = {
			isa = PBXSourcesBuildPhase;
			buildActionMask = 2147483647;
			files = (
			);
			runOnlyForDeploymentPostprocessing = 0;
		};
		AE0000060000000000000006 /* Sources */ = {
			isa = PBXSourcesBuildPhase;
			buildActionMask = 2147483647;
			files = (
			);
			runOnlyForDeploymentPostprocessing = 0;
		};
/* End PBXSourcesBuildPhase section */

/* Begin PBXTargetDependency section */
		AE00000A000000000000000A /* PBXTargetDependency */ = {
			isa = PBXTargetDependency;
			target = AE0000080000000000000008 /* ShareExtension */;
			targetProxy = AE0000090000000000000009 /* PBXContainerItemProxy */;
		};
/* End PBXTargetDependency section */

/* Begin XCBuildConfiguration section */
		ACA9693C2FA332BD00D0412F /* Debug */ = {
			isa = XCBuildConfiguration;
			baseConfigurationReference = AA0000010000000000000001 /* Ox.xcconfig */;
			buildSettings = {
				ALWAYS_SEARCH_USER_PATHS = NO;
				ASSETCATALOG_COMPILER_GENERATE_SWIFT_ASSET_SYMBOL_EXTENSIONS = YES;
				CLANG_ANALYZER_NONNULL = YES;
				CLANG_ANALYZER_NUMBER_OBJECT_CONVERSION = YES_AGGRESSIVE;
				CLANG_CXX_LANGUAGE_STANDARD = "gnu++20";
				CLANG_ENABLE_MODULES = YES;
				CLANG_ENABLE_OBJC_ARC = YES;
				CLANG_ENABLE_OBJC_WEAK = YES;
				CLANG_WARN_BLOCK_CAPTURE_AUTORELEASING = YES;
				CLANG_WARN_BOOL_CONVERSION = YES;
				CLANG_WARN_COMMA = YES;
				CLANG_WARN_CONSTANT_CONVERSION = YES;
				CLANG_WARN_DEPRECATED_OBJC_IMPLEMENTATIONS = YES;
				CLANG_WARN_DIRECT_OBJC_ISA_USAGE = YES_ERROR;
				CLANG_WARN_DOCUMENTATION_COMMENTS = YES;
				CLANG_WARN_EMPTY_BODY = YES;
				CLANG_WARN_ENUM_CONVERSION = YES;
				CLANG_WARN_INFINITE_RECURSION = YES;
				CLANG_WARN_INT_CONVERSION = YES;
				CLANG_WARN_NON_LITERAL_NULL_CONVERSION = YES;
				CLANG_WARN_OBJC_IMPLICIT_RETAIN_SELF = YES;
				CLANG_WARN_OBJC_LITERAL_CONVERSION = YES;
				CLANG_WARN_OBJC_ROOT_CLASS = YES_ERROR;
				CLANG_WARN_QUOTED_INCLUDE_IN_FRAMEWORK_HEADER = YES;
				CLANG_WARN_RANGE_LOOP_ANALYSIS = YES;
				CLANG_WARN_STRICT_PROTOTYPES = YES;
				CLANG_WARN_SUSPICIOUS_MOVE = YES;
				CLANG_WARN_UNGUARDED_AVAILABILITY = YES_AGGRESSIVE;
				CLANG_WARN_UNREACHABLE_CODE = YES;
				CLANG_WARN__DUPLICATE_METHOD_MATCH = YES;
				COPY_PHASE_STRIP = NO;
				DEBUG_INFORMATION_FORMAT = dwarf;
				DEVELOPMENT_TEAM = "$(OX_DEVELOPMENT_TEAM)";
				ENABLE_STRICT_OBJC_MSGSEND = YES;
				ENABLE_TESTABILITY = YES;
				ENABLE_USER_SCRIPT_SANDBOXING = YES;
				GCC_C_LANGUAGE_STANDARD = gnu17;
				GCC_DYNAMIC_NO_PIC = NO;
				GCC_NO_COMMON_BLOCKS = YES;
				GCC_OPTIMIZATION_LEVEL = 0;
				GCC_PREPROCESSOR_DEFINITIONS = (
					"DEBUG=1",
					"$(inherited)",
				);
				GCC_WARN_64_TO_32_BIT_CONVERSION = YES;
				GCC_WARN_ABOUT_RETURN_TYPE = YES_ERROR;
				GCC_WARN_UNDECLARED_SELECTOR = YES;
				GCC_WARN_UNINITIALIZED_AUTOS = YES_AGGRESSIVE;
				GCC_WARN_UNUSED_FUNCTION = YES;
				GCC_WARN_UNUSED_VARIABLE = YES;
				IPHONEOS_DEPLOYMENT_TARGET = 26.2;
				LOCALIZATION_PREFERS_STRING_CATALOGS = YES;
				MTL_ENABLE_DEBUG_INFO = INCLUDE_SOURCE;
				MTL_FAST_MATH = YES;
				ONLY_ACTIVE_ARCH = YES;
				SDKROOT = iphoneos;
				SWIFT_ACTIVE_COMPILATION_CONDITIONS = "DEBUG $(inherited)";
				SWIFT_OPTIMIZATION_LEVEL = "-Onone";
			};
			name = Debug;
		};
		ACA9693D2FA332BD00D0412F /* Release */ = {
			isa = XCBuildConfiguration;
			baseConfigurationReference = AA0000010000000000000001 /* Ox.xcconfig */;
			buildSettings = {
				ALWAYS_SEARCH_USER_PATHS = NO;
				ASSETCATALOG_COMPILER_GENERATE_SWIFT_ASSET_SYMBOL_EXTENSIONS = YES;
				CLANG_ANALYZER_NONNULL = YES;
				CLANG_ANALYZER_NUMBER_OBJECT_CONVERSION = YES_AGGRESSIVE;
				CLANG_CXX_LANGUAGE_STANDARD = "gnu++20";
				CLANG_ENABLE_MODULES = YES;
				CLANG_ENABLE_OBJC_ARC = YES;
				CLANG_ENABLE_OBJC_WEAK = YES;
				CLANG_WARN_BLOCK_CAPTURE_AUTORELEASING = YES;
				CLANG_WARN_BOOL_CONVERSION = YES;
				CLANG_WARN_COMMA = YES;
				CLANG_WARN_CONSTANT_CONVERSION = YES;
				CLANG_WARN_DEPRECATED_OBJC_IMPLEMENTATIONS = YES;
				CLANG_WARN_DIRECT_OBJC_ISA_USAGE = YES_ERROR;
				CLANG_WARN_DOCUMENTATION_COMMENTS = YES;
				CLANG_WARN_EMPTY_BODY = YES;
				CLANG_WARN_ENUM_CONVERSION = YES;
				CLANG_WARN_INFINITE_RECURSION = YES;
				CLANG_WARN_INT_CONVERSION = YES;
				CLANG_WARN_NON_LITERAL_NULL_CONVERSION = YES;
				CLANG_WARN_OBJC_IMPLICIT_RETAIN_SELF = YES;
				CLANG_WARN_OBJC_LITERAL_CONVERSION = YES;
				CLANG_WARN_OBJC_ROOT_CLASS = YES_ERROR;
				CLANG_WARN_QUOTED_INCLUDE_IN_FRAMEWORK_HEADER = YES;
				CLANG_WARN_RANGE_LOOP_ANALYSIS = YES;
				CLANG_WARN_STRICT_PROTOTYPES = YES;
				CLANG_WARN_SUSPICIOUS_MOVE = YES;
				CLANG_WARN_UNGUARDED_AVAILABILITY = YES_AGGRESSIVE;
				CLANG_WARN_UNREACHABLE_CODE = YES;
				CLANG_WARN__DUPLICATE_METHOD_MATCH = YES;
				COPY_PHASE_STRIP = NO;
				DEBUG_INFORMATION_FORMAT = "dwarf-with-dsym";
				DEVELOPMENT_TEAM = "$(OX_DEVELOPMENT_TEAM)";
				ENABLE_NS_ASSERTIONS = NO;
				ENABLE_STRICT_OBJC_MSGSEND = YES;
				ENABLE_USER_SCRIPT_SANDBOXING = YES;
				GCC_C_LANGUAGE_STANDARD = gnu17;
				GCC_NO_COMMON_BLOCKS = YES;
				GCC_WARN_64_TO_32_BIT_CONVERSION = YES;
				GCC_WARN_ABOUT_RETURN_TYPE = YES_ERROR;
				GCC_WARN_UNDECLARED_SELECTOR = YES;
				GCC_WARN_UNINITIALIZED_AUTOS = YES_AGGRESSIVE;
				GCC_WARN_UNUSED_FUNCTION = YES;
				GCC_WARN_UNUSED_VARIABLE = YES;
				IPHONEOS_DEPLOYMENT_TARGET = 26.2;
				LOCALIZATION_PREFERS_STRING_CATALOGS = YES;
				MTL_ENABLE_DEBUG_INFO = NO;
				MTL_FAST_MATH = YES;
				SDKROOT = iphoneos;
				SWIFT_COMPILATION_MODE = wholemodule;
				VALIDATE_PRODUCT = YES;
			};
			name = Release;
		};
		ACA9693F2FA332BD00D0412F /* Debug */ = {
			isa = XCBuildConfiguration;
			baseConfigurationReference = AA0000010000000000000001 /* Ox.xcconfig */;
			buildSettings = {
				ASSETCATALOG_COMPILER_APPICON_NAME = AppIcon;
				ASSETCATALOG_COMPILER_GLOBAL_ACCENT_COLOR_NAME = AccentColor;
				CODE_SIGN_ENTITLEMENTS = ios.entitlements;
				CODE_SIGN_STYLE = Automatic;
				CURRENT_PROJECT_VERSION = 1;
				DERIVE_MACCATALYST_PRODUCT_BUNDLE_IDENTIFIER = NO;
				DEVELOPMENT_TEAM = "$(OX_DEVELOPMENT_TEAM)";
				ENABLE_PREVIEWS = YES;
				GENERATE_INFOPLIST_FILE = NO;
				INFOPLIST_FILE = Info.plist;
				INFOPLIST_OTHER_PREPROCESSOR_FLAGS = "-traditional-cpp";
				INFOPLIST_PREPROCESS = YES;
				INFOPLIST_PREPROCESSOR_DEFINITIONS = "DEBUG=1";
				IPHONEOS_DEPLOYMENT_TARGET = 26.0;
				LD_RUNPATH_SEARCH_PATHS = (
					"$(inherited)",
					"@executable_path/Frameworks",
				);
				LM_SKIP_METADATA_EXTRACTION = NO;
				MARKETING_VERSION = 1.0;
				PRODUCT_BUNDLE_IDENTIFIER = "$(OX_BUNDLE_IDENTIFIER)";
				PRODUCT_NAME = Ox;
				STRING_CATALOG_GENERATE_SYMBOLS = YES;
				SUPPORTS_MACCATALYST = YES;
				SWIFT_APPROACHABLE_CONCURRENCY = YES;
				SWIFT_DEFAULT_ACTOR_ISOLATION = MainActor;
				SWIFT_EMIT_LOC_STRINGS = YES;
				SWIFT_UPCOMING_FEATURE_MEMBER_IMPORT_VISIBILITY = YES;
				SWIFT_VERSION = 5.0;
				TARGETED_DEVICE_FAMILY = "1,2";
			};
			name = Debug;
		};
		ACA969402FA332BD00D0412F /* Release */ = {
			isa = XCBuildConfiguration;
			baseConfigurationReference = AA0000010000000000000001 /* Ox.xcconfig */;
			buildSettings = {
				ASSETCATALOG_COMPILER_APPICON_NAME = AppIcon;
				ASSETCATALOG_COMPILER_GLOBAL_ACCENT_COLOR_NAME = AccentColor;
				CODE_SIGN_ENTITLEMENTS = ios.entitlements;
				CODE_SIGN_STYLE = Automatic;
				CURRENT_PROJECT_VERSION = 1;
				DERIVE_MACCATALYST_PRODUCT_BUNDLE_IDENTIFIER = NO;
				DEVELOPMENT_TEAM = "$(OX_DEVELOPMENT_TEAM)";
				ENABLE_PREVIEWS = YES;
				GENERATE_INFOPLIST_FILE = NO;
				INFOPLIST_FILE = Info.plist;
				INFOPLIST_OTHER_PREPROCESSOR_FLAGS = "-traditional-cpp";
				INFOPLIST_PREPROCESS = YES;
				IPHONEOS_DEPLOYMENT_TARGET = 26.0;
				LD_RUNPATH_SEARCH_PATHS = (
					"$(inherited)",
					"@executable_path/Frameworks",
				);
				LM_SKIP_METADATA_EXTRACTION = NO;
				MARKETING_VERSION = 1.0;
				PRODUCT_BUNDLE_IDENTIFIER = "$(OX_BUNDLE_IDENTIFIER)";
				PRODUCT_NAME = Ox;
				STRING_CATALOG_GENERATE_SYMBOLS = YES;
				SUPPORTS_MACCATALYST = YES;
				SWIFT_APPROACHABLE_CONCURRENCY = YES;
				SWIFT_DEFAULT_ACTOR_ISOLATION = MainActor;
				SWIFT_EMIT_LOC_STRINGS = YES;
				SWIFT_UPCOMING_FEATURE_MEMBER_IMPORT_VISIBILITY = YES;
				SWIFT_VERSION = 5.0;
				TARGETED_DEVICE_FAMILY = "1,2";
			};
			name = Release;
		};
		AE00000B000000000000000B /* Debug */ = {
			isa = XCBuildConfiguration;
			baseConfigurationReference = AA0000010000000000000001 /* Ox.xcconfig */;
			buildSettings = {
				APPLICATION_EXTENSION_API_ONLY = YES;
				CODE_SIGN_ENTITLEMENTS = ShareExtension.entitlements;
				CODE_SIGN_STYLE = Automatic;
				CURRENT_PROJECT_VERSION = 1;
				DEVELOPMENT_TEAM = "$(OX_DEVELOPMENT_TEAM)";
				GENERATE_INFOPLIST_FILE = NO;
				INFOPLIST_FILE = "ShareExtension-Info.plist";
				IPHONEOS_DEPLOYMENT_TARGET = 26.0;
				LD_RUNPATH_SEARCH_PATHS = (
					"$(inherited)",
					"@executable_path/../../Frameworks",
				);
				LM_SKIP_METADATA_EXTRACTION = YES;
				MARKETING_VERSION = 1.0;
				PRODUCT_BUNDLE_IDENTIFIER = "$(OX_BUNDLE_IDENTIFIER).ShareExtension";
				PRODUCT_NAME = ShareExtension;
				SKIP_INSTALL = YES;
				STRING_CATALOG_GENERATE_SYMBOLS = YES;
				SUPPORTS_MACCATALYST = NO;
				SWIFT_APPROACHABLE_CONCURRENCY = YES;
				SWIFT_DEFAULT_ACTOR_ISOLATION = MainActor;
				SWIFT_EMIT_LOC_STRINGS = YES;
				SWIFT_UPCOMING_FEATURE_MEMBER_IMPORT_VISIBILITY = YES;
				SWIFT_VERSION = 5.0;
				TARGETED_DEVICE_FAMILY = "1,2";
			};
			name = Debug;
		};
		AE00000C000000000000000C /* Release */ = {
			isa = XCBuildConfiguration;
			baseConfigurationReference = AA0000010000000000000001 /* Ox.xcconfig */;
			buildSettings = {
				APPLICATION_EXTENSION_API_ONLY = YES;
				CODE_SIGN_ENTITLEMENTS = ShareExtension.entitlements;
				CODE_SIGN_STYLE = Automatic;
				CURRENT_PROJECT_VERSION = 1;
				DEVELOPMENT_TEAM = "$(OX_DEVELOPMENT_TEAM)";
				GENERATE_INFOPLIST_FILE = NO;
				INFOPLIST_FILE = "ShareExtension-Info.plist";
				IPHONEOS_DEPLOYMENT_TARGET = 26.0;
				LD_RUNPATH_SEARCH_PATHS = (
					"$(inherited)",
					"@executable_path/../../Frameworks",
				);
				LM_SKIP_METADATA_EXTRACTION = YES;
				MARKETING_VERSION = 1.0;
				PRODUCT_BUNDLE_IDENTIFIER = "$(OX_BUNDLE_IDENTIFIER).ShareExtension";
				PRODUCT_NAME = ShareExtension;
				SKIP_INSTALL = YES;
				STRING_CATALOG_GENERATE_SYMBOLS = YES;
				SUPPORTS_MACCATALYST = NO;
				SWIFT_APPROACHABLE_CONCURRENCY = YES;
				SWIFT_DEFAULT_ACTOR_ISOLATION = MainActor;
				SWIFT_EMIT_LOC_STRINGS = YES;
				SWIFT_UPCOMING_FEATURE_MEMBER_IMPORT_VISIBILITY = YES;
				SWIFT_VERSION = 5.0;
				TARGETED_DEVICE_FAMILY = "1,2";
			};
			name = Release;
		};
/* End XCBuildConfiguration section */

/* Begin XCConfigurationList section */
		ACA9692E2FA332BC00D0412F /* Build configuration list for PBXProject "ios" */ = {
			isa = XCConfigurationList;
			buildConfigurations = (
				ACA9693C2FA332BD00D0412F /* Debug */,
				ACA9693D2FA332BD00D0412F /* Release */,
			);
			defaultConfigurationIsVisible = 0;
			defaultConfigurationName = Release;
		};
		ACA9693E2FA332BD00D0412F /* Build configuration list for PBXNativeTarget "ios" */ = {
			isa = XCConfigurationList;
			buildConfigurations = (
				ACA9693F2FA332BD00D0412F /* Debug */,
				ACA969402FA332BD00D0412F /* Release */,
			);
			defaultConfigurationIsVisible = 0;
			defaultConfigurationName = Release;
		};
		AE00000D000000000000000D /* Build configuration list for PBXNativeTarget "ShareExtension" */ = {
			isa = XCConfigurationList;
			buildConfigurations = (
				AE00000B000000000000000B /* Debug */,
				AE00000C000000000000000C /* Release */,
			);
			defaultConfigurationIsVisible = 0;
			defaultConfigurationName = Release;
		};
/* End XCConfigurationList section */

/* Begin XCRemoteSwiftPackageReference section */
		ACDABBE42FDF74C400F5BDCA /* XCRemoteSwiftPackageReference "SwiftGitX" */ = {
			isa = XCRemoteSwiftPackageReference;
			repositoryURL = "https://github.com/ibrahimcetin/SwiftGitX";
			requirement = {
				kind = upToNextMajorVersion;
				minimumVersion = 0.4.0;
			};
		};
		ACDABBE72FDF74C400F5BDCA /* XCRemoteSwiftPackageReference "swift-psl" */ = {
			isa = XCRemoteSwiftPackageReference;
			repositoryURL = "https://github.com/ameshkov/swift-psl";
			requirement = {
				kind = upToNextMajorVersion;
				minimumVersion = 1.1.0;
			};
		};
/* End XCRemoteSwiftPackageReference section */

/* Begin XCSwiftPackageProductDependency section */
		ACDABBE52FDF74C400F5BDCA /* SwiftGitX */ = {
			isa = XCSwiftPackageProductDependency;
			package = ACDABBE42FDF74C400F5BDCA /* XCRemoteSwiftPackageReference "SwiftGitX" */;
			productName = SwiftGitX;
		};
		ACDABBE82FDF74C400F5BDCA /* PublicSuffixList */ = {
			isa = XCSwiftPackageProductDependency;
			package = ACDABBE72FDF74C400F5BDCA /* XCRemoteSwiftPackageReference "swift-psl" */;
			productName = PublicSuffixList;
		};
/* End XCSwiftPackageProductDependency section */
	};
	rootObject = ACA9692B2FA332BC00D0412F /* Project object */;
}
